{
  "lockfile_version": "1",
  "packages": {
    "curl@latest": {
      "last_modified": "2025-10-13T09:56:54Z",
      "resolved": "github:NixOS/nixpkgs/c12c63cd6c5eb34c7b4c3076c6a99e00fcab86ec#curl",
      "source": "devbox-search",
      "version": "8.16.0",
      "systems": {
        "aarch64-darwin": {
          "outputs": [
            {
              "name": "bin",
              "path": "/nix/store/9ypm33ips48ajx8k5vylsf7s07zyiyd4-curl-8.16.0-bin",
              "default": true
            },
            {
              "name": "man",
              "path": "/nix/store/z3qng5iylqqz9ckwpypyybyaq5ng982p-curl-8.16.0-man",
              "default": true
            },
            {
              "name": "dev",
              "path": "/nix/store/nzd14s06p5if7dnyn8y2hzqzkamzwm55-curl-8.16.0-dev"
            },
            {
              "name": "devdoc",
              "path": "/nix/store/syv740hs672c330n113hyf3xj0h5ack8-curl-8.16.0-devdoc"
            },
            {
              "name": "out",
              "path": "/nix/store/6029v9dj2x3c34jshpa2qq56nyw1nmmx-curl-8.16.0"
            }
          ],
          "store_path": "/nix/store/9ypm33ips48ajx8k5vylsf7s07zyiyd4-curl-8.16.0-bin"
        },
        "aarch64-linux": {
          "outputs": [
            {
              "name": "bin",
              "path": "/nix/store/0gmdkrx09gwjzy9skah4v6makk136ypy-curl-8.16.0-bin",
              "default": true
            },
            {
              "name": "man",
              "path": "/nix/store/pmim4jif0h809mdp66il8w83lazxrpzq-curl-8.16.0-man",
              "default": true
            },
            {
              "name": "out",
              "path": "/nix/store/xx3r5hwmblyka6ispzzjc9l8lpwjkjmj-curl-8.16.0"
            },
            {
              "name": "debug",
              "path": "/nix/store/1mr41aafnfmvkcaw3gjdyrhhkifvsi0y-curl-8.16.0-debug"
            },
            {
              "name": "dev",
              "path": "/nix/store/mym64df3wqjixarz9mn7mq5g1y3g7zqp-curl-8.16.0-dev"
            },
            {
              "name": "devdoc",
              "path": "/nix/store/1mifapqq8441n9lpkpaphx4qdh49s9z1-curl-8.16.0-devdoc"
            }
          ],
          "store_path": "/nix/store/0gmdkrx09gwjzy9skah4v6makk136ypy-curl-8.16.0-bin"
        },
        "x86_64-darwin": {
          "outputs": [
            {
              "name": "bin",
              "path": "/nix/store/6bvdl2ri85m0hg7lcw9flxb1d7g6qjq5-curl-8.16.0-bin",
              "default": true
            },
            {
              "name": "man",
              "path": "/nix/store/n5clr4yj7642v1ciq4xwxami36yf852i-curl-8.16.0-man",
              "default": true
            },
            {
              "name": "dev",
              "path": "/nix/store/b3vs7wi8v02cl9gqswagaps0qzv7x2cg-curl-8.16.0-dev"
            },
            {
              "name": "devdoc",
              "path": "/nix/store/fz8gc405gjxhb8jh9f2p55vjfrhj3q6m-curl-8.16.0-devdoc"
            },
            {
              "name": "out",
              "path": "/nix/store/vhrp1hpqchp1wrkmwpmz4850nw922ngy-curl-8.16.0"
            }
          ],
          "store_path": "/nix/store/6bvdl2ri85m0hg7lcw9flxb1d7g6qjq5-curl-8.16.0-bin"
        },
        "x86_64-linux": {
          "outputs": [
            {
              "name": "bin",
              "path": "/nix/store/jxi6bwbmxyzhxi9zm9dzlihca6iv358r-curl-8.16.0-bin",
              "default": true
            },
            {
              "name": "man",
              "path": "/nix/store/0ba8dwwbddc1b7h7yrlnni6l0spdrxkh-curl-8.16.0-man",
              "default": true
            },
            {
              "name": "debug",
              "path": "/nix/store/g8lp13yllkmbs8261q5b2a8ziq1acfz1-curl-8.16.0-debug"
            },
            {
              "name": "dev",
              "path": "/nix/store/360cnyb9arqcww2jzb7axkinwfxak6si-curl-8.16.0-dev"
            },
            {
              "name": "devdoc",
              "path": "/nix/store/hwq66543z5czh69lf6xxyfk2agl3g5sz-curl-8.16.0-devdoc"
            },
            {
              "name": "out",
              "path": "/nix/store/y8n3yqamx85486qd3awiv91s55abkymc-curl-8.16.0"
            }
          ],
          "store_path": "/nix/store/jxi6bwbmxyzhxi9zm9dzlihca6iv358r-curl-8.16.0-bin"
        }
      }
    },
    "github:NixOS/nixpkgs/nixpkgs-unstable": {
      "last_modified": "2025-10-05T02:43:53Z",
      "resolved": "github:NixOS/nixpkgs/d7f52a7a640bc54c7bb414cca603835bf8dd4b10?lastModified=1759632233"
    },
    "yq-go@latest": {
      "last_modified": "2025-10-12T08:13:11Z",
      "resolved": "github:NixOS/nixpkgs/832e3b6db48508ae436c2c7bfc0cf914eac6938e#yq-go",
      "source": "devbox-search",
      "version": "4.48.1",
      "systems": {
        "aarch64-darwin": {
          "outputs": [
            {
              "name": "out",
              "path": "/nix/store/cis6x044wpmg1xkdzbw4ba7j4x4nkwlz-yq-go-4.48.1",
              "default": true
            }
          ],
          "store_path": "/nix/store/cis6x044wpmg1xkdzbw4ba7j4x4nkwlz-yq-go-4.48.1"
        },
        "aarch64-linux": {
          "outputs": [
            {
              "name": "out",
              "path": "/nix/store/r7jrra6ssppk23659xrrn4zxvmkawdna-yq-go-4.48.1",
              "default": true
            }
          ],
          "store_path": "/nix/store/r7jrra6ssppk23659xrrn4zxvmkawdna-yq-go-4.48.1"
        },
        "x86_64-darwin": {
          "outputs": [
            {
              "name": "out",
              "path": "/nix/store/nqa74cz3q0y980gd2pymfgbdmacgck1a-yq-go-4.48.1",
              "default": true
            }
          ],
          "store_path": "/nix/store/nqa74cz3q0y980gd2pymfgbdmacgck1a-yq-go-4.48.1"
        },
        "x86_64-linux": {
          "outputs": [
            {
              "name": "out",
              "path": "/nix/store/xgkiq4mfp02pfpf5jlqm0cwp1g3njxw4-yq-go-4.48.1",
              "default": true
            }
          ],
          "store_path": "/nix/store/xgkiq4mfp02pfpf5jlqm0cwp1g3njxw4-yq-go-4.48.1"
        }
      }
    }
  }
}
